// !$*UTF8*$!
{
	archiveVersion = 1;
	classes = {
	};
	objectVersion = 53;
	objects = {

/* Begin PBXBuildFile section */
		18ADD0442A9669750086B425 /* InfoViewController.swift in Sources */ = {isa = PBXBuildFile; fileRef = 18ADD0432A9669750086B425 /* InfoViewController.swift */; };
		18ADD04F2A966C7E0086B425 /* Colors.swift in Sources */ = {isa = PBXBuildFile; fileRef = 18ADD04E2A966C7E0086B425 /* Colors.swift */; };
		D74BE56D25F90A2F00B2D006 /* ListViewController.swift in Sources */ = {isa = PBXBuildFile; fileRef = D74BE56C25F90A2F00B2D006 /* ListViewController.swift */; };
		D7749FD525DFC11A0038B6F4 /* AppDelegate.swift in Sources */ = {isa = PBXBuildFile; fileRef = D7749FD425DFC11A0038B6F4 /* AppDelegate.swift */; };
		D7749FD725DFC11A0038B6F4 /* SceneDelegate.swift in Sources */ = {isa = PBXBuildFile; fileRef = D7749FD625DFC11A0038B6F4 /* SceneDelegate.swift */; };
		D7749FD925DFC11A0038B6F4 /* ViewController.swift in Sources */ = {isa = PBXBuildFile; fileRef = D7749FD825DFC11A0038B6F4 /* ViewController.swift */; };
		D7749FDC25DFC11A0038B6F4 /* Main.storyboard in Resources */ = {isa = PBXBuildFile; fileRef = D7749FDA25DFC11A0038B6F4 /* Main.storyboard */; };
		D7749FDE25DFC11F0038B6F4 /* Assets.xcassets in Resources */ = {isa = PBXBuildFile; fileRef = D7749FDD25DFC11F0038B6F4 /* Assets.xcassets */; };
		D7749FE125DFC11F0038B6F4 /* LaunchScreen.storyboard in Resources */ = {isa = PBXBuildFile; fileRef = D7749FDF25DFC11F0038B6F4 /* LaunchScreen.storyboard */; };
		D7749FEC25DFC11F0038B6F4 /* GoodNewsMVVMTests.swift in Sources */ = {isa = PBXBuildFile; fileRef = D7749FEB25DFC11F0038B6F4 /* GoodNewsMVVMTests.swift */; };
		D7749FFC25DFC6C60038B6F4 /* Model.swift in Sources */ = {isa = PBXBuildFile; fileRef = D7749FFB25DFC6C60038B6F4 /* Model.swift */; };
		D7749FFE25DFC6D70038B6F4 /* ViewModel.swift in Sources */ = {isa = PBXBuildFile; fileRef = D7749FFD25DFC6D70038B6F4 /* ViewModel.swift */; };
		D774A00025DFC6EC0038B6F4 /* NetworkServices.swift in Sources */ = {isa = PBXBuildFile; fileRef = D7749FFF25DFC6EC0038B6F4 /* NetworkServices.swift */; };
		D774A00225DFCBA60038B6F4 /* Const.swift in Sources */ = {isa = PBXBuildFile; fileRef = D774A00125DFCBA60038B6F4 /* Const.swift */; };
		D77F9A2E2608EA9600607520 /* Images.swift in Sources */ = {isa = PBXBuildFile; fileRef = D77F9A2D2608EA9600607520 /* Images.swift */; };
		D77F9A562608EFE800607520 /* Alamofire.xcworkspace in Resources */ = {isa = PBXBuildFile; fileRef = D77F9A552608EFE800607520 /* Alamofire.xcworkspace */; };
		D77F9A582608EFF400607520 /* Alamofire.framework in Frameworks */ = {isa = PBXBuildFile; fileRef = D77F9A402608EFE800607520 /* Alamofire.framework */; };
		D77F9A592608EFF500607520 /* Alamofire.framework in Embed Frameworks */ = {isa = PBXBuildFile; fileRef = D77F9A402608EFE800607520 /* Alamofire.framework */; settings = {ATTRIBUTES = (CodeSignOnCopy, RemoveHeadersOnCopy, ); }; };
		D77F9A7A260A4D6500607520 /* Maths.swift in Sources */ = {isa = PBXBuildFile; fileRef = D77F9A79260A4D6400607520 /* Maths.swift */; };
		D789288525FA46C300644A4B /* ListViewModel.swift in Sources */ = {isa = PBXBuildFile; fileRef = D789288425FA46C300644A4B /* ListViewModel.swift */; };
		D7A8380A25EE829D00DD39AE /* Animations.swift in Sources */ = {isa = PBXBuildFile; fileRef = D7A8380925EE829D00DD39AE /* Animations.swift */; };
		D7A8381E25EE896E00DD39AE /* Filters.swift in Sources */ = {isa = PBXBuildFile; fileRef = D7A8381D25EE896E00DD39AE /* Filters.swift */; };
		D7AFB3A425F2A2BC004FD354 /* Alerts.swift in Sources */ = {isa = PBXBuildFile; fileRef = D7AFB3A325F2A2BC004FD354 /* Alerts.swift */; };
		D7AFB3A925F2A3A7004FD354 /* UserDefaultsStore.swift in Sources */ = {isa = PBXBuildFile; fileRef = D7AFB3A825F2A3A7004FD354 /* UserDefaultsStore.swift */; };
		D7AFB3B325F2AED6004FD354 /* User.swift in Sources */ = {isa = PBXBuildFile; fileRef = D7AFB3B225F2AED6004FD354 /* User.swift */; };
		D7B01C1125F633A800FDA529 /* QuoteModel.xcdatamodeld in Sources */ = {isa = PBXBuildFile; fileRef = D7B01C0F25F633A800FDA529 /* QuoteModel.xcdatamodeld */; };
		D7B01C1525F6351C00FDA529 /* CoreDataManager.swift in Sources */ = {isa = PBXBuildFile; fileRef = D7B01C1425F6351C00FDA529 /* CoreDataManager.swift */; };
		D7C480DB25F7866900D06EBC /* Qoute+CoreDataClass.swift in Sources */ = {isa = PBXBuildFile; fileRef = D7C480D925F7866900D06EBC /* Qoute+CoreDataClass.swift */; };
		D7C480DC25F7866900D06EBC /* Qoute+CoreDataProperties.swift in Sources */ = {isa = PBXBuildFile; fileRef = D7C480DA25F7866900D06EBC /* Qoute+CoreDataProperties.swift */; };
		D7E596D12603942400B1F4B4 /* SnapKit.framework in Frameworks */ = {isa = PBXBuildFile; fileRef = D7E596C9260393F800B1F4B4 /* SnapKit.framework */; };
		D7E596D22603942400B1F4B4 /* SnapKit.framework in Embed Frameworks */ = {isa = PBXBuildFile; fileRef = D7E596C9260393F800B1F4B4 /* SnapKit.framework */; settings = {ATTRIBUTES = (CodeSignOnCopy, RemoveHeadersOnCopy, ); }; };
		D7E596D92603964200B1F4B4 /* Toast.swift in Sources */ = {isa = PBXBuildFile; fileRef = D7E596D82603964200B1F4B4 /* Toast.swift */; };
/* End PBXBuildFile section */

/* Begin PBXContainerItemProxy section */
		D7749FE825DFC11F0038B6F4 /* PBXContainerItemProxy */ = {
			isa = PBXContainerItemProxy;
			containerPortal = D7749FC925DFC11A0038B6F4 /* Project object */;
			proxyType = 1;
			remoteGlobalIDString = D7749FD025DFC11A0038B6F4;
			remoteInfo = GoodNewsMVVM;
		};
		D77F9A3F2608EFE800607520 /* PBXContainerItemProxy */ = {
			isa = PBXContainerItemProxy;
			containerPortal = D77F9A352608EFE700607520 /* Alamofire.xcodeproj */;
			proxyType = 2;
			remoteGlobalIDString = F8111E3319A95C8B0040E7D1;
			remoteInfo = "Alamofire iOS";
		};
		D77F9A412608EFE800607520 /* PBXContainerItemProxy */ = {
			isa = PBXContainerItemProxy;
			containerPortal = D77F9A352608EFE700607520 /* Alamofire.xcodeproj */;
			proxyType = 2;
			remoteGlobalIDString = F8111E3E19A95C8B0040E7D1;
			remoteInfo = "Alamofire iOS Tests";
		};
		D77F9A432608EFE800607520 /* PBXContainerItemProxy */ = {
			isa = PBXContainerItemProxy;
			containerPortal = D77F9A352608EFE700607520 /* Alamofire.xcodeproj */;
			proxyType = 2;
			remoteGlobalIDString = 4DD67C0B1A5C55C900ED2280;
			remoteInfo = "Alamofire macOS";
		};
		D77F9A452608EFE800607520 /* PBXContainerItemProxy */ = {
			isa = PBXContainerItemProxy;
			containerPortal = D77F9A352608EFE700607520 /* Alamofire.xcodeproj */;
			proxyType = 2;
			remoteGlobalIDString = F829C6B21A7A94F100A2CD59;
			remoteInfo = "Alamofire macOS Tests";
		};
		D77F9A472608EFE800607520 /* PBXContainerItemProxy */ = {
			isa = PBXContainerItemProxy;
			containerPortal = D77F9A352608EFE700607520 /* Alamofire.xcodeproj */;
			proxyType = 2;
			remoteGlobalIDString = 4CF626EF1BA7CB3E0011A099;
			remoteInfo = "Alamofire tvOS";
		};
		D77F9A492608EFE800607520 /* PBXContainerItemProxy */ = {
			isa = PBXContainerItemProxy;
			containerPortal = D77F9A352608EFE700607520 /* Alamofire.xcodeproj */;
			proxyType = 2;
			remoteGlobalIDString = 4CF626F81BA7CB3E0011A099;
			remoteInfo = "Alamofire tvOS Tests";
		};
		D77F9A4B2608EFE800607520 /* PBXContainerItemProxy */ = {
			isa = PBXContainerItemProxy;
			containerPortal = D77F9A352608EFE700607520 /* Alamofire.xcodeproj */;
			proxyType = 2;
			remoteGlobalIDString = E4202FE01B667AA100C997FB;
			remoteInfo = "Alamofire watchOS";
		};
		D7E596C8260393F800B1F4B4 /* PBXContainerItemProxy */ = {
			isa = PBXContainerItemProxy;
			containerPortal = D7E596C3260393F800B1F4B4 /* SnapKit.xcodeproj */;
			proxyType = 2;
			remoteGlobalIDString = EEBCC9D819CC627D0083B827;
			remoteInfo = SnapKit;
		};
		D7E596CA260393F800B1F4B4 /* PBXContainerItemProxy */ = {
			isa = PBXContainerItemProxy;
			containerPortal = D7E596C3260393F800B1F4B4 /* SnapKit.xcodeproj */;
			proxyType = 2;
			remoteGlobalIDString = EEBCC9E219CC627E0083B827;
			remoteInfo = "SnapKit Tests";
		};
/* End PBXContainerItemProxy section */

/* Begin PBXCopyFilesBuildPhase section */
		D7E596D32603942400B1F4B4 /* Embed Frameworks */ = {
			isa = PBXCopyFilesBuildPhase;
			buildActionMask = 2147483647;
			dstPath = "";
			dstSubfolderSpec = 10;
			files = (
				D7E596D22603942400B1F4B4 /* SnapKit.framework in Embed Frameworks */,
				D77F9A592608EFF500607520 /* Alamofire.framework in Embed Frameworks */,
			);
			name = "Embed Frameworks";
			runOnlyForDeploymentPostprocessing = 0;
		};
/* End PBXCopyFilesBuildPhase section */

/* Begin PBXFileReference section */
		18ADD0432A9669750086B425 /* InfoViewController.swift */ = {isa = PBXFileReference; lastKnownFileType = sourcecode.swift; path = InfoViewController.swift; sourceTree = "<group>"; };
		18ADD04E2A966C7E0086B425 /* Colors.swift */ = {isa = PBXFileReference; lastKnownFileType = sourcecode.swift; path = Colors.swift; sourceTree = "<group>"; };
		D74BE56C25F90A2F00B2D006 /* ListViewController.swift */ = {isa = PBXFileReference; lastKnownFileType = sourcecode.swift; path = ListViewController.swift; sourceTree = "<group>"; };
		D7749FD125DFC11A0038B6F4 /* GoodNewsMVVM.app */ = {isa = PBXFileReference; explicitFileType = wrapper.application; includeInIndex = 0; path = GoodNewsMVVM.app; sourceTree = BUILT_PRODUCTS_DIR; };
		D7749FD425DFC11A0038B6F4 /* AppDelegate.swift */ = {isa = PBXFileReference; lastKnownFileType = sourcecode.swift; path = AppDelegate.swift; sourceTree = "<group>"; };
		D7749FD625DFC11A0038B6F4 /* SceneDelegate.swift */ = {isa = PBXFileReference; lastKnownFileType = sourcecode.swift; path = SceneDelegate.swift; sourceTree = "<group>"; };
		D7749FD825DFC11A0038B6F4 /* ViewController.swift */ = {isa = PBXFileReference; lastKnownFileType = sourcecode.swift; path = ViewController.swift; sourceTree = "<group>"; };
		D7749FDB25DFC11A0038B6F4 /* Base */ = {isa = PBXFileReference; lastKnownFileType = file.storyboard; name = Base; path = Base.lproj/Main.storyboard; sourceTree = "<group>"; };
		D7749FDD25DFC11F0038B6F4 /* Assets.xcassets */ = {isa = PBXFileReference; lastKnownFileType = folder.assetcatalog; path = Assets.xcassets; sourceTree = "<group>"; };
		D7749FE025DFC11F0038B6F4 /* Base */ = {isa = PBXFileReference; lastKnownFileType = file.storyboard; name = Base; path = Base.lproj/LaunchScreen.storyboard; sourceTree = "<group>"; };
		D7749FE225DFC11F0038B6F4 /* Info.plist */ = {isa = PBXFileReference; lastKnownFileType = text.plist.xml; path = Info.plist; sourceTree = "<group>"; };
		D7749FE725DFC11F0038B6F4 /* GoodNewsMVVMTests.xctest */ = {isa = PBXFileReference; explicitFileType = wrapper.cfbundle; includeInIndex = 0; path = GoodNewsMVVMTests.xctest; sourceTree = BUILT_PRODUCTS_DIR; };
		D7749FEB25DFC11F0038B6F4 /* GoodNewsMVVMTests.swift */ = {isa = PBXFileReference; lastKnownFileType = sourcecode.swift; path = GoodNewsMVVMTests.swift; sourceTree = "<group>"; };
		D7749FED25DFC11F0038B6F4 /* Info.plist */ = {isa = PBXFileReference; lastKnownFileType = text.plist.xml; path = Info.plist; sourceTree = "<group>"; };
		D7749FFB25DFC6C60038B6F4 /* Model.swift */ = {isa = PBXFileReference; lastKnownFileType = sourcecode.swift; path = Model.swift; sourceTree = "<group>"; };
		D7749FFD25DFC6D70038B6F4 /* ViewModel.swift */ = {isa = PBXFileReference; lastKnownFileType = sourcecode.swift; path = ViewModel.swift; sourceTree = "<group>"; };
		D7749FFF25DFC6EC0038B6F4 /* NetworkServices.swift */ = {isa = PBXFileReference; lastKnownFileType = sourcecode.swift; path = NetworkServices.swift; sourceTree = "<group>"; };
		D774A00125DFCBA60038B6F4 /* Const.swift */ = {isa = PBXFileReference; lastKnownFileType = sourcecode.swift; path = Const.swift; sourceTree = "<group>"; };
		D77F9A2D2608EA9600607520 /* Images.swift */ = {isa = PBXFileReference; lastKnownFileType = sourcecode.swift; path = Images.swift; sourceTree = "<group>"; };
		D77F9A352608EFE700607520 /* Alamofire.xcodeproj */ = {isa = PBXFileReference; lastKnownFileType = "wrapper.pb-project"; name = Alamofire.xcodeproj; path = Carthage/Checkouts/Alamofire/Alamofire.xcodeproj; sourceTree = "<group>"; };
		D77F9A552608EFE800607520 /* Alamofire.xcworkspace */ = {isa = PBXFileReference; lastKnownFileType = wrapper.workspace; name = Alamofire.xcworkspace; path = Carthage/Checkouts/Alamofire/Alamofire.xcworkspace; sourceTree = "<group>"; };
		D77F9A79260A4D6400607520 /* Maths.swift */ = {isa = PBXFileReference; lastKnownFileType = sourcecode.swift; path = Maths.swift; sourceTree = "<group>"; };
		D789288425FA46C300644A4B /* ListViewModel.swift */ = {isa = PBXFileReference; lastKnownFileType = sourcecode.swift; path = ListViewModel.swift; sourceTree = "<group>"; };
		D7A8380925EE829D00DD39AE /* Animations.swift */ = {isa = PBXFileReference; lastKnownFileType = sourcecode.swift; path = Animations.swift; sourceTree = "<group>"; };
		D7A8381D25EE896E00DD39AE /* Filters.swift */ = {isa = PBXFileReference; lastKnownFileType = sourcecode.swift; path = Filters.swift; sourceTree = "<group>"; };
		D7AFB3A325F2A2BC004FD354 /* Alerts.swift */ = {isa = PBXFileReference; lastKnownFileType = sourcecode.swift; path = Alerts.swift; sourceTree = "<group>"; };
		D7AFB3A825F2A3A7004FD354 /* UserDefaultsStore.swift */ = {isa = PBXFileReference; lastKnownFileType = sourcecode.swift; path = UserDefaultsStore.swift; sourceTree = "<group>"; };
		D7AFB3B225F2AED6004FD354 /* User.swift */ = {isa = PBXFileReference; lastKnownFileType = sourcecode.swift; path = User.swift; sourceTree = "<group>"; };
		D7B01C1025F633A800FDA529 /* Quote.xcdatamodel */ = {isa = PBXFileReference; lastKnownFileType = wrapper.xcdatamodel; path = Quote.xcdatamodel; sourceTree = "<group>"; };
		D7B01C1425F6351C00FDA529 /* CoreDataManager.swift */ = {isa = PBXFileReference; lastKnownFileType = sourcecode.swift; path = CoreDataManager.swift; sourceTree = "<group>"; };
		D7C480D925F7866900D06EBC /* Qoute+CoreDataClass.swift */ = {isa = PBXFileReference; lastKnownFileType = sourcecode.swift; path = "Qoute+CoreDataClass.swift"; sourceTree = "<group>"; };
		D7C480DA25F7866900D06EBC /* Qoute+CoreDataProperties.swift */ = {isa = PBXFileReference; lastKnownFileType = sourcecode.swift; path = "Qoute+CoreDataProperties.swift"; sourceTree = "<group>"; };
		D7E596BC260393AE00B1F4B4 /* SnapKit */ = {isa = PBXFileReference; lastKnownFileType = "compiled.mach-o.dylib"; name = SnapKit; path = Carthage/Build/iOS/SnapKit.framework/SnapKit; sourceTree = "<group>"; };
		D7E596C3260393F800B1F4B4 /* SnapKit.xcodeproj */ = {isa = PBXFileReference; lastKnownFileType = "wrapper.pb-project"; name = SnapKit.xcodeproj; path = Carthage/Checkouts/SnapKit/SnapKit.xcodeproj; sourceTree = "<group>"; };
		D7E596D02603941300B1F4B4 /* SnapKit.xcworkspace */ = {isa = PBXFileReference; lastKnownFileType = wrapper.workspace; name = SnapKit.xcworkspace; path = Carthage/Checkouts/SnapKit/SnapKit.xcworkspace; sourceTree = "<group>"; };
		D7E596D82603964200B1F4B4 /* Toast.swift */ = {isa = PBXFileReference; lastKnownFileType = sourcecode.swift; path = Toast.swift; sourceTree = "<group>"; };
/* End PBXFileReference section */

/* Begin PBXFrameworksBuildPhase section */
		D7749FCE25DFC11A0038B6F4 /* Frameworks */ = {
			isa = PBXFrameworksBuildPhase;
			buildActionMask = 2147483647;
			files = (
				D7E596D12603942400B1F4B4 /* SnapKit.framework in Frameworks */,
				D77F9A582608EFF400607520 /* Alamofire.framework in Frameworks */,
			);
			runOnlyForDeploymentPostprocessing = 0;
		};
		D7749FE425DFC11F0038B6F4 /* Frameworks */ = {
			isa = PBXFrameworksBuildPhase;
			buildActionMask = 2147483647;
			files = (
			);
			runOnlyForDeploymentPostprocessing = 0;
		};
/* End PBXFrameworksBuildPhase section */

/* Begin PBXGroup section */
		D7749FC825DFC11A0038B6F4 = {
			isa = PBXGroup;
			children = (
				D7749FD325DFC11A0038B6F4 /* GoodNewsMVVM */,
				D7749FEA25DFC11F0038B6F4 /* GoodNewsMVVMTests */,
				D7749FD225DFC11A0038B6F4 /* Products */,
				D7E596BB260393AD00B1F4B4 /* Frameworks */,
			);
			sourceTree = "<group>";
		};
		D7749FD225DFC11A0038B6F4 /* Products */ = {
			isa = PBXGroup;
			children = (
				D7749FD125DFC11A0038B6F4 /* GoodNewsMVVM.app */,
				D7749FE725DFC11F0038B6F4 /* GoodNewsMVVMTests.xctest */,
			);
			name = Products;
			sourceTree = "<group>";
		};
		D7749FD325DFC11A0038B6F4 /* GoodNewsMVVM */ = {
			isa = PBXGroup;
			children = (
				D7AFB3A725F2A38C004FD354 /* Storing */,
				D7A8380825EE827C00DD39AE /* Visuals */,
				D7749FF925DFC58F0038B6F4 /* Networking */,
				D7749FF825DFC5860038B6F4 /* ViewModel */,
				D7749FF725DFC57D0038B6F4 /* View */,
				D7749FF625DFC5740038B6F4 /* Model */,
				D7749FFA25DFC5BA0038B6F4 /* Misc */,
				D7749FDA25DFC11A0038B6F4 /* Main.storyboard */,
				D7749FE225DFC11F0038B6F4 /* Info.plist */,
			);
			path = GoodNewsMVVM;
			sourceTree = "<group>";
		};
		D7749FEA25DFC11F0038B6F4 /* GoodNewsMVVMTests */ = {
			isa = PBXGroup;
			children = (
				D7749FEB25DFC11F0038B6F4 /* GoodNewsMVVMTests.swift */,
				D7749FED25DFC11F0038B6F4 /* Info.plist */,
			);
			path = GoodNewsMVVMTests;
			sourceTree = "<group>";
		};
		D7749FF625DFC5740038B6F4 /* Model */ = {
			isa = PBXGroup;
			children = (
				D7C480D925F7866900D06EBC /* Qoute+CoreDataClass.swift */,
				D7C480DA25F7866900D06EBC /* Qoute+CoreDataProperties.swift */,
				D7749FFB25DFC6C60038B6F4 /* Model.swift */,
				D7AFB3B225F2AED6004FD354 /* User.swift */,
				D77F9A2D2608EA9600607520 /* Images.swift */,
			);
			path = Model;
			sourceTree = "<group>";
		};
		D7749FF725DFC57D0038B6F4 /* View */ = {
			isa = PBXGroup;
			children = (
				D7749FD825DFC11A0038B6F4 /* ViewController.swift */,
				D74BE56C25F90A2F00B2D006 /* ListViewController.swift */,
				18ADD0432A9669750086B425 /* InfoViewController.swift */,
			);
			path = View;
			sourceTree = "<group>";
		};
		D7749FF825DFC5860038B6F4 /* ViewModel */ = {
			isa = PBXGroup;
			children = (
				D7749FFD25DFC6D70038B6F4 /* ViewModel.swift */,
				D789288425FA46C300644A4B /* ListViewModel.swift */,
			);
			path = ViewModel;
			sourceTree = "<group>";
		};
		D7749FF925DFC58F0038B6F4 /* Networking */ = {
			isa = PBXGroup;
			children = (
				D7749FFF25DFC6EC0038B6F4 /* NetworkServices.swift */,
			);
			path = Networking;
			sourceTree = "<group>";
		};
		D7749FFA25DFC5BA0038B6F4 /* Misc */ = {
			isa = PBXGroup;
			children = (
				D774A00125DFCBA60038B6F4 /* Const.swift */,
				D77F9A79260A4D6400607520 /* Maths.swift */,
				D7749FD425DFC11A0038B6F4 /* AppDelegate.swift */,
				D7B01C0F25F633A800FDA529 /* QuoteModel.xcdatamodeld */,
				D7749FD625DFC11A0038B6F4 /* SceneDelegate.swift */,
				D7749FDD25DFC11F0038B6F4 /* Assets.xcassets */,
				D7749FDF25DFC11F0038B6F4 /* LaunchScreen.storyboard */,
				18ADD04E2A966C7E0086B425 /* Colors.swift */,
			);
			path = Misc;
			sourceTree = "<group>";
		};
		D77F9A362608EFE700607520 /* Products */ = {
			isa = PBXGroup;
			children = (
				D77F9A402608EFE800607520 /* Alamofire.framework */,
				D77F9A422608EFE800607520 /* Alamofire iOS Tests.xctest */,
				D77F9A442608EFE800607520 /* Alamofire.framework */,
				D77F9A462608EFE800607520 /* Alamofire macOS Tests.xctest */,
				D77F9A482608EFE800607520 /* Alamofire.framework */,
				D77F9A4A2608EFE800607520 /* Alamofire tvOS Tests.xctest */,
				D77F9A4C2608EFE800607520 /* Alamofire.framework */,
			);
			name = Products;
			sourceTree = "<group>";
		};
		D7A8380825EE827C00DD39AE /* Visuals */ = {
			isa = PBXGroup;
			children = (
				D7A8380925EE829D00DD39AE /* Animations.swift */,
				D7A8381D25EE896E00DD39AE /* Filters.swift */,
				D7AFB3A325F2A2BC004FD354 /* Alerts.swift */,
				D7E596D82603964200B1F4B4 /* Toast.swift */,
			);
			path = Visuals;
			sourceTree = "<group>";
		};
		D7AFB3A725F2A38C004FD354 /* Storing */ = {
			isa = PBXGroup;
			children = (
				D7AFB3A825F2A3A7004FD354 /* UserDefaultsStore.swift */,
				D7B01C1425F6351C00FDA529 /* CoreDataManager.swift */,
			);
			path = Storing;
			sourceTree = "<group>";
		};
		D7E596BB260393AD00B1F4B4 /* Frameworks */ = {
			isa = PBXGroup;
			children = (
				D77F9A352608EFE700607520 /* Alamofire.xcodeproj */,
				D77F9A552608EFE800607520 /* Alamofire.xcworkspace */,
				D7E596D02603941300B1F4B4 /* SnapKit.xcworkspace */,
				D7E596C3260393F800B1F4B4 /* SnapKit.xcodeproj */,
				D7E596BC260393AE00B1F4B4 /* SnapKit */,
			);
			name = Frameworks;
			sourceTree = "<group>";
		};
		D7E596C4260393F800B1F4B4 /* Products */ = {
			isa = PBXGroup;
			children = (
				D7E596C9260393F800B1F4B4 /* SnapKit.framework */,
				D7E596CB260393F800B1F4B4 /* SnapKit Tests.xctest */,
			);
			name = Products;
			sourceTree = "<group>";
		};
/* End PBXGroup section */

/* Begin PBXNativeTarget section */
		D7749FD025DFC11A0038B6F4 /* GoodNewsMVVM */ = {
			isa = PBXNativeTarget;
			buildConfigurationList = D7749FF025DFC11F0038B6F4 /* Build configuration list for PBXNativeTarget "GoodNewsMVVM" */;
			buildPhases = (
				D7749FCD25DFC11A0038B6F4 /* Sources */,
				D7749FCE25DFC11A0038B6F4 /* Frameworks */,
				D7749FCF25DFC11A0038B6F4 /* Resources */,
				D7E596D32603942400B1F4B4 /* Embed Frameworks */,
			);
			buildRules = (
			);
			dependencies = (
			);
			name = GoodNewsMVVM;
			productName = GoodNewsMVVM;
			productReference = D7749FD125DFC11A0038B6F4 /* GoodNewsMVVM.app */;
			productType = "com.apple.product-type.application";
		};
		D7749FE625DFC11F0038B6F4 /* GoodNewsMVVMTests */ = {
			isa = PBXNativeTarget;
			buildConfigurationList = D7749FF325DFC11F0038B6F4 /* Build configuration list for PBXNativeTarget "GoodNewsMVVMTests" */;
			buildPhases = (
				D7749FE325DFC11F0038B6F4 /* Sources */,
				D7749FE425DFC11F0038B6F4 /* Frameworks */,
				D7749FE525DFC11F0038B6F4 /* Resources */,
			);
			buildRules = (
			);
			dependencies = (
				D7749FE925DFC11F0038B6F4 /* PBXTargetDependency */,
			);
			name = GoodNewsMVVMTests;
			productName = GoodNewsMVVMTests;
			productReference = D7749FE725DFC11F0038B6F4 /* GoodNewsMVVMTests.xctest */;
			productType = "com.apple.product-type.bundle.unit-test";
		};
/* End PBXNativeTarget section */

/* Begin PBXProject section */
		D7749FC925DFC11A0038B6F4 /* Project object */ = {
			isa = PBXProject;
			attributes = {
				BuildIndependentTargetsInParallel = YES;
				LastSwiftUpdateCheck = 1130;
				LastUpgradeCheck = 1430;
				ORGANIZATIONNAME = "The App Experts";
				TargetAttributes = {
					D7749FD025DFC11A0038B6F4 = {
						CreatedOnToolsVersion = 11.3.1;
					};
					D7749FE625DFC11F0038B6F4 = {
						CreatedOnToolsVersion = 11.3.1;
						TestTargetID = D7749FD025DFC11A0038B6F4;
					};
				};
			};
			buildConfigurationList = D7749FCC25DFC11A0038B6F4 /* Build configuration list for PBXProject "GoodNewsMVVM" */;
			compatibilityVersion = "Xcode 9.3";
			developmentRegion = en;
			hasScannedForEncodings = 0;
			knownRegions = (
				en,
				Base,
			);
			mainGroup = D7749FC825DFC11A0038B6F4;
			productRefGroup = D7749FD225DFC11A0038B6F4 /* Products */;
			projectDirPath = "";
			projectReferences = (
				{
					ProductGroup = D77F9A362608EFE700607520 /* Products */;
					ProjectRef = D77F9A352608EFE700607520 /* Alamofire.xcodeproj */;
				},
				{
					ProductGroup = D7E596C4260393F800B1F4B4 /* Products */;
					ProjectRef = D7E596C3260393F800B1F4B4 /* SnapKit.xcodeproj */;
				},
			);
			projectRoot = "";
			targets = (
				D7749FD025DFC11A0038B6F4 /* GoodNewsMVVM */,
				D7749FE625DFC11F0038B6F4 /* GoodNewsMVVMTests */,
			);
		};
/* End PBXProject section */

/* Begin PBXReferenceProxy section */
		D77F9A402608EFE800607520 /* Alamofire.framework */ = {
			isa = PBXReferenceProxy;
			fileType = wrapper.framework;
			path = Alamofire.framework;
			remoteRef = D77F9A3F2608EFE800607520 /* PBXContainerItemProxy */;
			sourceTree = BUILT_PRODUCTS_DIR;
		};
		D77F9A422608EFE800607520 /* Alamofire iOS Tests.xctest */ = {
			isa = PBXReferenceProxy;
			fileType = wrapper.cfbundle;
			path = "Alamofire iOS Tests.xctest";
			remoteRef = D77F9A412608EFE800607520 /* PBXContainerItemProxy */;
			sourceTree = BUILT_PRODUCTS_DIR;
		};
		D77F9A442608EFE800607520 /* Alamofire.framework */ = {
			isa = PBXReferenceProxy;
			fileType = wrapper.framework;
			path = Alamofire.framework;
			remoteRef = D77F9A432608EFE800607520 /* PBXContainerItemProxy */;
			sourceTree = BUILT_PRODUCTS_DIR;
		};
		D77F9A462608EFE800607520 /* Alamofire macOS Tests.xctest */ = {
			isa = PBXReferenceProxy;
			fileType = wrapper.cfbundle;
			path = "Alamofire macOS Tests.xctest";
			remoteRef = D77F9A452608EFE800607520 /* PBXContainerItemProxy */;
			sourceTree = BUILT_PRODUCTS_DIR;
		};
		D77F9A482608EFE800607520 /* Alamofire.framework */ = {
			isa = PBXReferenceProxy;
			fileType = wrapper.framework;
			path = Alamofire.framework;
			remoteRef = D77F9A472608EFE800607520 /* PBXContainerItemProxy */;
			sourceTree = BUILT_PRODUCTS_DIR;
		};
		D77F9A4A2608EFE800607520 /* Alamofire tvOS Tests.xctest */ = {
			isa = PBXReferenceProxy;
			fileType = wrapper.cfbundle;
			path = "Alamofire tvOS Tests.xctest";
			remoteRef = D77F9A492608EFE800607520 /* PBXContainerItemProxy */;
			sourceTree = BUILT_PRODUCTS_DIR;
		};
		D77F9A4C2608EFE800607520 /* Alamofire.framework */ = {
			isa = PBXReferenceProxy;
			fileType = wrapper.framework;
			path = Alamofire.framework;
			remoteRef = D77F9A4B2608EFE800607520 /* PBXContainerItemProxy */;
			sourceTree = BUILT_PRODUCTS_DIR;
		};
		D7E596C9260393F800B1F4B4 /* SnapKit.framework */ = {
			isa = PBXReferenceProxy;
			fileType = wrapper.framework;
			path = SnapKit.framework;
			remoteRef = D7E596C8260393F800B1F4B4 /* PBXContainerItemProxy */;
			sourceTree = BUILT_PRODUCTS_DIR;
		};
		D7E596CB260393F800B1F4B4 /* SnapKit Tests.xctest */ = {
			isa = PBXReferenceProxy;
			fileType = wrapper.cfbundle;
			path = "SnapKit Tests.xctest";
			remoteRef = D7E596CA260393F800B1F4B4 /* PBXContainerItemProxy */;
			sourceTree = BUILT_PRODUCTS_DIR;
		};
/* End PBXReferenceProxy section */

/* Begin PBXResourcesBuildPhase section */
		D7749FCF25DFC11A0038B6F4 /* Resources */ = {
			isa = PBXResourcesBuildPhase;
			buildActionMask = 2147483647;
			files = (
				D7749FE125DFC11F0038B6F4 /* LaunchScreen.storyboard in Resources */,
				D77F9A562608EFE800607520 /* Alamofire.xcworkspace in Resources */,
				D7749FDE25DFC11F0038B6F4 /* Assets.xcassets in Resources */,
				D7749FDC25DFC11A0038B6F4 /* Main.storyboard in Resources */,
			);
			runOnlyForDeploymentPostprocessing = 0;
		};
		D7749FE525DFC11F0038B6F4 /* Resources */ = {
			isa = PBXResourcesBuildPhase;
			buildActionMask = 2147483647;
			files = (
			);
			runOnlyForDeploymentPostprocessing = 0;
		};
/* End PBXResourcesBuildPhase section */

/* Begin PBXSourcesBuildPhase section */
		D7749FCD25DFC11A0038B6F4 /* Sources */ = {
			isa = PBXSourcesBuildPhase;
			buildActionMask = 2147483647;
			files = (
				D74BE56D25F90A2F00B2D006 /* ListViewController.swift in Sources */,
				D774A00025DFC6EC0038B6F4 /* NetworkServices.swift in Sources */,
				D7749FFE25DFC6D70038B6F4 /* ViewModel.swift in Sources */,
				D7E596D92603964200B1F4B4 /* Toast.swift in Sources */,
				D77F9A7A260A4D6500607520 /* Maths.swift in Sources */,
				D7C480DC25F7866900D06EBC /* Qoute+CoreDataProperties.swift in Sources */,
				D7749FD925DFC11A0038B6F4 /* ViewController.swift in Sources */,
				D7B01C1125F633A800FDA529 /* QuoteModel.xcdatamodeld in Sources */,
				D7AFB3A925F2A3A7004FD354 /* UserDefaultsStore.swift in Sources */,
				D7749FD525DFC11A0038B6F4 /* AppDelegate.swift in Sources */,
				D7749FD725DFC11A0038B6F4 /* SceneDelegate.swift in Sources */,
				D7C480DB25F7866900D06EBC /* Qoute+CoreDataClass.swift in Sources */,
				18ADD0442A9669750086B425 /* InfoViewController.swift in Sources */,
				18ADD04F2A966C7E0086B425 /* Colors.swift in Sources */,
				D7749FFC25DFC6C60038B6F4 /* Model.swift in Sources */,
				D7AFB3A425F2A2BC004FD354 /* Alerts.swift in Sources */,
				D7AFB3B325F2AED6004FD354 /* User.swift in Sources */,
				D7A8381E25EE896E00DD39AE /* Filters.swift in Sources */,
				D789288525FA46C300644A4B /* ListViewModel.swift in Sources */,
				D7A8380A25EE829D00DD39AE /* Animations.swift in Sources */,
				D77F9A2E2608EA9600607520 /* Images.swift in Sources */,
				D7B01C1525F6351C00FDA529 /* CoreDataManager.swift in Sources */,
				D774A00225DFCBA60038B6F4 /* Const.swift in Sources */,
			);
			runOnlyForDeploymentPostprocessing = 0;
		};
		D7749FE325DFC11F0038B6F4 /* Sources */ = {
			isa = PBXSourcesBuildPhase;
			buildActionMask = 2147483647;
			files = (
				D7749FEC25DFC11F0038B6F4 /* GoodNewsMVVMTests.swift in Sources */,
			);
			runOnlyForDeploymentPostprocessing = 0;
		};
/* End PBXSourcesBuildPhase section */

/* Begin PBXTargetDependency section */
		D7749FE925DFC11F0038B6F4 /* PBXTargetDependency */ = {
			isa = PBXTargetDependency;
			target = D7749FD025DFC11A0038B6F4 /* GoodNewsMVVM */;
			targetProxy = D7749FE825DFC11F0038B6F4 /* PBXContainerItemProxy */;
		};
/* End PBXTargetDependency section */

/* Begin PBXVariantGroup section */
		D7749FDA25DFC11A0038B6F4 /* Main.storyboard */ = {
			isa = PBXVariantGroup;
			children = (
				D7749FDB25DFC11A0038B6F4 /* Base */,
			);
			name = Main.storyboard;
			sourceTree = "<group>";
		};
		D7749FDF25DFC11F0038B6F4 /* LaunchScreen.storyboard */ = {
			isa = PBXVariantGroup;
			children = (
				D7749FE025DFC11F0038B6F4 /* Base */,
			);
			name = LaunchScreen.storyboard;
			sourceTree = "<group>";
		};
/* End PBXVariantGroup section */

/* Begin XCBuildConfiguration section */
		D7749FEE25DFC11F0038B6F4 /* Debug */ = {
			isa = XCBuildConfiguration;
			buildSettings = {
				ALWAYS_SEARCH_USER_PATHS = NO;
				CLANG_ANALYZER_NONNULL = YES;
				CLANG_ANALYZER_NUMBER_OBJECT_CONVERSION = YES_AGGRESSIVE;
				CLANG_CXX_LANGUAGE_STANDARD = "gnu++14";
				CLANG_CXX_LIBRARY = "libc++";
				CLANG_ENABLE_MODULES = YES;
				CLANG_ENABLE_OBJC_ARC = YES;
				CLANG_ENABLE_OBJC_WEAK = YES;
				CLANG_WARN_BLOCK_CAPTURE_AUTORELEASING = YES;
				CLANG_WARN_BOOL_CONVERSION = YES;
				CLANG_WARN_COMMA = YES;
				CLANG_WARN_CONSTANT_CONVERSION = YES;
				CLANG_WARN_DEPRECATED_OBJC_IMPLEMENTATIONS = YES;
				CLANG_WARN_DIRECT_OBJC_ISA_USAGE = YES_ERROR;
				CLANG_WARN_DOCUMENTATION_COMMENTS = YES;
				CLANG_WARN_EMPTY_BODY = YES;
				CLANG_WARN_ENUM_CONVERSION = YES;
				CLANG_WARN_INFINITE_RECURSION = YES;
				CLANG_WARN_INT_CONVERSION = YES;
				CLANG_WARN_NON_LITERAL_NULL_CONVERSION = YES;
				CLANG_WARN_OBJC_IMPLICIT_RETAIN_SELF = YES;
				CLANG_WARN_OBJC_LITERAL_CONVERSION = YES;
				CLANG_WARN_OBJC_ROOT_CLASS = YES_ERROR;
				CLANG_WARN_QUOTED_INCLUDE_IN_FRAMEWORK_HEADER = YES;
				CLANG_WARN_RANGE_LOOP_ANALYSIS = YES;
				CLANG_WARN_STRICT_PROTOTYPES = YES;
				CLANG_WARN_SUSPICIOUS_MOVE = YES;
				CLANG_WARN_UNGUARDED_AVAILABILITY = YES_AGGRESSIVE;
				CLANG_WARN_UNREACHABLE_CODE = YES;
				CLANG_WARN__DUPLICATE_METHOD_MATCH = YES;
				COPY_PHASE_STRIP = NO;
				DEBUG_INFORMATION_FORMAT = dwarf;
				ENABLE_STRICT_OBJC_MSGSEND = YES;
				ENABLE_TESTABILITY = YES;
				GCC_C_LANGUAGE_STANDARD = gnu11;
				GCC_DYNAMIC_NO_PIC = NO;
				GCC_NO_COMMON_BLOCKS = YES;
				GCC_OPTIMIZATION_LEVEL = 0;
				GCC_PREPROCESSOR_DEFINITIONS = (
					"DEBUG=1",
					"$(inherited)",
				);
				GCC_WARN_64_TO_32_BIT_CONVERSION = YES;
				GCC_WARN_ABOUT_RETURN_TYPE = YES_ERROR;
				GCC_WARN_UNDECLARED_SELECTOR = YES;
				GCC_WARN_UNINITIALIZED_AUTOS = YES_AGGRESSIVE;
				GCC_WARN_UNUSED_FUNCTION = YES;
				GCC_WARN_UNUSED_VARIABLE = YES;
				IPHONEOS_DEPLOYMENT_TARGET = 13.2;
				MTL_ENABLE_DEBUG_INFO = INCLUDE_SOURCE;
				MTL_FAST_MATH = YES;
				ONLY_ACTIVE_ARCH = YES;
				SDKROOT = iphoneos;
				SWIFT_ACTIVE_COMPILATION_CONDITIONS = DEBUG;
				SWIFT_OPTIMIZATION_LEVEL = "-Onone";
			};
			name = Debug;
		};
		D7749FEF25DFC11F0038B6F4 /* Release */ = {
			isa = XCBuildConfiguration;
			buildSettings = {
				ALWAYS_SEARCH_USER_PATHS = NO;
				CLANG_ANALYZER_NONNULL = YES;
				CLANG_ANALYZER_NUMBER_OBJECT_CONVERSION = YES_AGGRESSIVE;
				CLANG_CXX_LANGUAGE_STANDARD = "gnu++14";
				CLANG_CXX_LIBRARY = "libc++";
				CLANG_ENABLE_MODULES = YES;
				CLANG_ENABLE_OBJC_ARC = YES;
				CLANG_ENABLE_OBJC_WEAK = YES;
				CLANG_WARN_BLOCK_CAPTURE_AUTORELEASING = YES;
				CLANG_WARN_BOOL_CONVERSION = YES;
				CLANG_WARN_COMMA = YES;
				CLANG_WARN_CONSTANT_CONVERSION = YES;
				CLANG_WARN_DEPRECATED_OBJC_IMPLEMENTATIONS = YES;
				CLANG_WARN_DIRECT_OBJC_ISA_USAGE = YES_ERROR;
				CLANG_WARN_DOCUMENTATION_COMMENTS = YES;
				CLANG_WARN_EMPTY_BODY = YES;
				CLANG_WARN_ENUM_CONVERSION = YES;
				CLANG_WARN_INFINITE_RECURSION = YES;
				CLANG_WARN_INT_CONVERSION = YES;
				CLANG_WARN_NON_LITERAL_NULL_CONVERSION = YES;
				CLANG_WARN_OBJC_IMPLICIT_RETAIN_SELF = YES;
				CLANG_WARN_OBJC_LITERAL_CONVERSION = YES;
				CLANG_WARN_OBJC_ROOT_CLASS = YES_ERROR;
				CLANG_WARN_QUOTED_INCLUDE_IN_FRAMEWORK_HEADER = YES;
				CLANG_WARN_RANGE_LOOP_ANALYSIS = YES;
				CLANG_WARN_STRICT_PROTOTYPES = YES;
				CLANG_WARN_SUSPICIOUS_MOVE = YES;
				CLANG_WARN_UNGUARDED_AVAILABILITY = YES_AGGRESSIVE;
				CLANG_WARN_UNREACHABLE_CODE = YES;
				CLANG_WARN__DUPLICATE_METHOD_MATCH = YES;
				COPY_PHASE_STRIP = NO;
				DEBUG_INFORMATION_FORMAT = "dwarf-with-dsym";
				ENABLE_NS_ASSERTIONS = NO;
				ENABLE_STRICT_OBJC_MSGSEND = YES;
				GCC_C_LANGUAGE_STANDARD = gnu11;
				GCC_NO_COMMON_BLOCKS = YES;
				GCC_WARN_64_TO_32_BIT_CONVERSION = YES;
				GCC_WARN_ABOUT_RETURN_TYPE = YES_ERROR;
				GCC_WARN_UNDECLARED_SELECTOR = YES;
				GCC_WARN_UNINITIALIZED_AUTOS = YES_AGGRESSIVE;
				GCC_WARN_UNUSED_FUNCTION = YES;
				GCC_WARN_UNUSED_VARIABLE = YES;
				IPHONEOS_DEPLOYMENT_TARGET = 13.2;
				MTL_ENABLE_DEBUG_INFO = NO;
				MTL_FAST_MATH = YES;
				SDKROOT = iphoneos;
				SWIFT_COMPILATION_MODE = wholemodule;
				SWIFT_OPTIMIZATION_LEVEL = "-O";
				VALIDATE_PRODUCT = YES;
			};
			name = Release;
		};
		D7749FF125DFC11F0038B6F4 /* Debug */ = {
			isa = XCBuildConfiguration;
			buildSettings = {
				ASSETCATALOG_COMPILER_APPICON_NAME = AppIcon;
				CODE_SIGN_STYLE = Automatic;
				CURRENT_PROJECT_VERSION = 4;
				DEVELOPMENT_TEAM = V4B9WRAZKW;
				INFOPLIST_FILE = GoodNewsMVVM/Info.plist;
				INFOPLIST_KEY_LSApplicationCategoryType = "public.app-category.entertainment";
				LD_RUNPATH_SEARCH_PATHS = (
					"$(inherited)",
					"@executable_path/Frameworks",
				);
				LIBRARY_SEARCH_PATHS = (
					"$(inherited)",
					"$(PROJECT_DIR)/Carthage/Build/iOS/SnapKit.framework",
				);
				MARKETING_VERSION = 1.0.0;
				PRODUCT_BUNDLE_IDENTIFIER = com.CanDoMindset.goodnews;
				PRODUCT_NAME = "$(TARGET_NAME)";
				SUPPORTED_PLATFORMS = "iphoneos iphonesimulator";
				SUPPORTS_MACCATALYST = NO;
				SUPPORTS_MAC_DESIGNED_FOR_IPHONE_IPAD = NO;
				SWIFT_VERSION = 5.0;
				TARGETED_DEVICE_FAMILY = "1,2";
			};
			name = Debug;
		};
		D7749FF225DFC11F0038B6F4 /* Release */ = {
			isa = XCBuildConfiguration;
			buildSettings = {
				ASSETCATALOG_COMPILER_APPICON_NAME = AppIcon;
				CODE_SIGN_STYLE = Automatic;
				CURRENT_PROJECT_VERSION = 4;
				DEVELOPMENT_TEAM = V4B9WRAZKW;
				INFOPLIST_FILE = GoodNewsMVVM/Info.plist;
				INFOPLIST_KEY_LSApplicationCategoryType = "public.app-category.entertainment";
				LD_RUNPATH_SEARCH_PATHS = (
					"$(inherited)",
					"@executable_path/Frameworks",
				);
				LIBRARY_SEARCH_PATHS = (
					"$(inherited)",
					"$(PROJECT_DIR)/Carthage/Build/iOS/SnapKit.framework",
				);
				MARKETING_VERSION = 1.0.0;
				PRODUCT_BUNDLE_IDENTIFIER = com.CanDoMindset.goodnews;
				PRODUCT_NAME = "$(TARGET_NAME)";
				SUPPORTED_PLATFORMS = "iphoneos iphonesimulator";
				SUPPORTS_MACCATALYST = NO;
				SUPPORTS_MAC_DESIGNED_FOR_IPHONE_IPAD = NO;
				SWIFT_VERSION = 5.0;
				TARGETED_DEVICE_FAMILY = "1,2";
			};
			name = Release;
		};
		D7749FF425DFC11F0038B6F4 /* Debug */ = {
			isa = XCBuildConfiguration;
			buildSettings = {
				ALWAYS_EMBED_SWIFT_STANDARD_LIBRARIES = YES;
				BUNDLE_LOADER = "$(TEST_HOST)";
				CODE_SIGN_STYLE = Automatic;
				DEVELOPMENT_TEAM = V4B9WRAZKW;
				INFOPLIST_FILE = GoodNewsMVVMTests/Info.plist;
				IPHONEOS_DEPLOYMENT_TARGET = 13.2;
				LD_RUNPATH_SEARCH_PATHS = (
					"$(inherited)",
					"@executable_path/Frameworks",
					"@loader_path/Frameworks",
				);
				PRODUCT_BUNDLE_IDENTIFIER = eu.rjch.GoodNewsMVVMTests;
				PRODUCT_NAME = "$(TARGET_NAME)";
				SUPPORTED_PLATFORMS = "iphoneos iphonesimulator";
				SUPPORTS_MACCATALYST = NO;
				SUPPORTS_MAC_DESIGNED_FOR_IPHONE_IPAD = NO;
				SWIFT_VERSION = 5.0;
				TARGETED_DEVICE_FAMILY = "1,2";
				TEST_HOST = "$(BUILT_PRODUCTS_DIR)/GoodNewsMVVM.app/GoodNewsMVVM";
			};
			name = Debug;
		};
		D7749FF525DFC11F0038B6F4 /* Release */ = {
			isa = XCBuildConfiguration;
			buildSettings = {
				ALWAYS_EMBED_SWIFT_STANDARD_LIBRARIES = YES;
				BUNDLE_LOADER = "$(TEST_HOST)";
				CODE_SIGN_STYLE = Automatic;
				DEVELOPMENT_TEAM = V4B9WRAZKW;
				INFOPLIST_FILE = GoodNewsMVVMTests/Info.plist;
				IPHONEOS_DEPLOYMENT_TARGET = 13.2;
				LD_RUNPATH_SEARCH_PATHS = (
					"$(inherited)",
					"@executable_path/Frameworks",
					"@loader_path/Frameworks",
				);
				PRODUCT_BUNDLE_IDENTIFIER = eu.rjch.GoodNewsMVVMTests;
				PRODUCT_NAME = "$(TARGET_NAME)";
				SUPPORTED_PLATFORMS = "iphoneos iphonesimulator";
				SUPPORTS_MACCATALYST = NO;
				SUPPORTS_MAC_DESIGNED_FOR_IPHONE_IPAD = NO;
				SWIFT_VERSION = 5.0;
				TARGETED_DEVICE_FAMILY = "1,2";
				TEST_HOST = "$(BUILT_PRODUCTS_DIR)/GoodNewsMVVM.app/GoodNewsMVVM";
			};
			name = Release;
		};
/* End XCBuildConfiguration section */

/* Begin XCConfigurationList section */
		D7749FCC25DFC11A0038B6F4 /* Build configuration list for PBXProject "GoodNewsMVVM" */ = {
			isa = XCConfigurationList;
			buildConfigurations = (
				D7749FEE25DFC11F0038B6F4 /* Debug */,
				D7749FEF25DFC11F0038B6F4 /* Release */,
			);
			defaultConfigurationIsVisible = 0;
			defaultConfigurationName = Release;
		};
		D7749FF025DFC11F0038B6F4 /* Build configuration list for PBXNativeTarget "GoodNewsMVVM" */ = {
			isa = XCConfigurationList;
			buildConfigurations = (
				D7749FF125DFC11F0038B6F4 /* Debug */,
				D7749FF225DFC11F0038B6F4 /* Release */,
			);
			defaultConfigurationIsVisible = 0;
			defaultConfigurationName = Release;
		};
		D7749FF325DFC11F0038B6F4 /* Build configuration list for PBXNativeTarget "GoodNewsMVVMTests" */ = {
			isa = XCConfigurationList;
			buildConfigurations = (
				D7749FF425DFC11F0038B6F4 /* Debug */,
				D7749FF525DFC11F0038B6F4 /* Release */,
			);
			defaultConfigurationIsVisible = 0;
			defaultConfigurationName = Release;
		};
/* End XCConfigurationList section */

/* Begin XCVersionGroup section */
		D7B01C0F25F633A800FDA529 /* QuoteModel.xcdatamodeld */ = {
			isa = XCVersionGroup;
			children = (
				D7B01C1025F633A800FDA529 /* Quote.xcdatamodel */,
			);
			currentVersion = D7B01C1025F633A800FDA529 /* Quote.xcdatamodel */;
			path = QuoteModel.xcdatamodeld;
			sourceTree = "<group>";
			versionGroupType = wrapper.xcdatamodel;
		};
/* End XCVersionGroup section */
	};
	rootObject = D7749FC925DFC11A0038B6F4 /* Project object */;
}
